// !$*UTF8*$!
{
	archiveVersion = 1;
	classes = {
	};
	objectVersion = 46;
	objects = {

/* Begin PBXBuildFile section */
		89B9948E15E594600064FA13 /* UIKit.framework in Frameworks */ = {isa = PBXBuildFile; fileRef = 89B9948D15E594600064FA13 /* UIKit.framework */; };
		89B9949015E594600064FA13 /* Foundation.framework in Frameworks */ = {isa = PBXBuildFile; fileRef = 89B9948F15E594600064FA13 /* Foundation.framework */; };
		89B9949215E594600064FA13 /* CoreGraphics.framework in Frameworks */ = {isa = PBXBuildFile; fileRef = 89B9949115E594600064FA13 /* CoreGraphics.framework */; };
		89B9949815E594600064FA13 /* InfoPlist.strings in Resources */ = {isa = PBXBuildFile; fileRef = 89B9949615E594600064FA13 /* InfoPlist.strings */; };
		89B9949A15E594600064FA13 /* main.m in Sources */ = {isa = PBXBuildFile; fileRef = 89B9949915E594600064FA13 /* main.m */; };
		89B9949E15E594600064FA13 /* CGDAppDelegate.m in Sources */ = {isa = PBXBuildFile; fileRef = 89B9949D15E594600064FA13 /* CGDAppDelegate.m */; };
		89B994A115E594600064FA13 /* MainStoryboard.storyboard in Resources */ = {isa = PBXBuildFile; fileRef = 89B9949F15E594600064FA13 /* MainStoryboard.storyboard */; };
		89B994A415E594600064FA13 /* CGDFirstViewController.m in Sources */ = {isa = PBXBuildFile; fileRef = 89B994A315E594600064FA13 /* CGDFirstViewController.m */; };
		89B994A615E594600064FA13 /* first.png in Resources */ = {isa = PBXBuildFile; fileRef = 89B994A515E594600064FA13 /* first.png */; };
		89B994A815E594600064FA13 /* first@2x.png in Resources */ = {isa = PBXBuildFile; fileRef = 89B994A715E594600064FA13 /* first@2x.png */; };
		89B994AB15E594600064FA13 /* CGDSecondViewController.m in Sources */ = {isa = PBXBuildFile; fileRef = 89B994AA15E594600064FA13 /* CGDSecondViewController.m */; };
		89B994AD15E594600064FA13 /* second.png in Resources */ = {isa = PBXBuildFile; fileRef = 89B994AC15E594600064FA13 /* second.png */; };
		89B994AF15E594600064FA13 /* second@2x.png in Resources */ = {isa = PBXBuildFile; fileRef = 89B994AE15E594600064FA13 /* second@2x.png */; };
/* End PBXBuildFile section */

/* Begin PBXFileReference section */
		89B9948915E594600064FA13 /* Vroom!v1.5.app */ = {isa = PBXFileReference; explicitFileType = wrapper.application; includeInIndex = 0; path = "Vroom!v1.5.app"; sourceTree = BUILT_PRODUCTS_DIR; };
		89B9948D15E594600064FA13 /* UIKit.framework */ = {isa = PBXFileReference; lastKnownFileType = wrapper.framework; name = UIKit.framework; path = System/Library/Frameworks/UIKit.framework; sourceTree = SDKROOT; };
		89B9948F15E594600064FA13 /* Foundation.framework */ = {isa = PBXFileReference; lastKnownFileType = wrapper.framework; name = Foundation.framework; path = System/Library/Frameworks/Foundation.framework; sourceTree = SDKROOT; };
		89B9949115E594600064FA13 /* CoreGraphics.framework */ = {isa = PBXFileReference; lastKnownFileType = wrapper.framework; name = CoreGraphics.framework; path = System/Library/Frameworks/CoreGraphics.framework; sourceTree = SDKROOT; };
		89B9949515E594600064FA13 /* Vroom!v1.5-Info.plist */ = {isa = PBXFileReference; lastKnownFileType = text.plist.xml; path = "Vroom!v1.5-Info.plist"; sourceTree = "<group>"; };
		89B9949715E594600064FA13 /* en */ = {isa = PBXFileReference; lastKnownFileType = text.plist.strings; name = en; path = en.lproj/InfoPlist.strings; sourceTree = "<group>"; };
		89B9949915E594600064FA13 /* main.m */ = {isa = PBXFileReference; lastKnownFileType = sourcecode.c.objc; path = main.m; sourceTree = "<group>"; };
		89B9949B15E594600064FA13 /* Vroom!v1.5-Prefix.pch */ = {isa = PBXFileReference; lastKnownFileType = sourcecode.c.h; path = "Vroom!v1.5-Prefix.pch"; sourceTree = "<group>"; };
		89B9949C15E594600064FA13 /* CGDAppDelegate.h */ = {isa = PBXFileReference; lastKnownFileType = sourcecode.c.h; path = CGDAppDelegate.h; sourceTree = "<group>"; };
		89B9949D15E594600064FA13 /* CGDAppDelegate.m */ = {isa = PBXFileReference; lastKnownFileType = sourcecode.c.objc; path = CGDAppDelegate.m; sourceTree = "<group>"; };
		89B994A015E594600064FA13 /* en */ = {isa = PBXFileReference; lastKnownFileType = file.storyboard; name = en; path = en.lproj/MainStoryboard.storyboard; sourceTree = "<group>"; };
		89B994A215E594600064FA13 /* CGDFirstViewController.h */ = {isa = PBXFileReference; lastKnownFileType = sourcecode.c.h; path = CGDFirstViewController.h; sourceTree = "<group>"; };
		89B994A315E594600064FA13 /* CGDFirstViewController.m */ = {isa = PBXFileReference; lastKnownFileType = sourcecode.c.objc; path = CGDFirstViewController.m; sourceTree = "<group>"; };
		89B994A515E594600064FA13 /* first.png */ = {isa = PBXFileReference; lastKnownFileType = image.png; path = first.png; sourceTree = "<group>"; };
		89B994A715E594600064FA13 /* first@2x.png */ = {isa = PBXFileReference; lastKnownFileType = image.png; path = "first@2x.png"; sourceTree = "<group>"; };
		89B994A915E594600064FA13 /* CGDSecondViewController.h */ = {isa = PBXFileReference; lastKnownFileType = sourcecode.c.h; path = CGDSecondViewController.h; sourceTree = "<group>"; };
		89B994AA15E594600064FA13 /* CGDSecondViewController.m */ = {isa = PBXFileReference; lastKnownFileType = sourcecode.c.objc; path = CGDSecondViewController.m; sourceTree = "<group>"; };
		89B994AC15E594600064FA13 /* second.png */ = {isa = PBXFileReference; lastKnownFileType = image.png; path = second.png; sourceTree = "<group>"; };
		89B994AE15E594600064FA13 /* second@2x.png */ = {isa = PBXFileReference; lastKnownFileType = image.png; path = "second@2x.png"; sourceTree = "<group>"; };
/* End PBXFileReference section */

/* Begin PBXFrameworksBuildPhase section */
		89B9948615E594600064FA13 /* Frameworks */ = {
			isa = PBXFrameworksBuildPhase;
			buildActionMask = 2147483647;
			files = (
				89B9948E15E594600064FA13 /* UIKit.framework in Frameworks */,
				89B9949015E594600064FA13 /* Foundation.framework in Frameworks */,
				89B9949215E594600064FA13 /* CoreGraphics.framework in Frameworks */,
			);
			runOnlyForDeploymentPostprocessing = 0;
		};
/* End PBXFrameworksBuildPhase section */

/* Begin PBXGroup section */
		89B9947E15E594600064FA13 = {
			isa = PBXGroup;
			children = (
				89B9949315E594600064FA13 /* Vroom!v1.5 */,
				89B9948C15E594600064FA13 /* Frameworks */,
				89B9948A15E594600064FA13 /* Products */,
			);
			sourceTree = "<group>";
		};
		89B9948A15E594600064FA13 /* Products */ = {
			isa = PBXGroup;
			children = (
				89B9948915E594600064FA13 /* Vroom!v1.5.app */,
			);
			name = Products;
			sourceTree = "<group>";
		};
		89B9948C15E594600064FA13 /* Frameworks */ = {
			isa = PBXGroup;
			children = (
				89B9948D15E594600064FA13 /* UIKit.framework */,
				89B9948F15E594600064FA13 /* Foundation.framework */,
				89B9949115E594600064FA13 /* CoreGraphics.framework */,
			);
			name = Frameworks;
			sourceTree = "<group>";
		};
		89B9949315E594600064FA13 /* Vroom!v1.5 */ = {
			isa = PBXGroup;
			children = (
				89B9949C15E594600064FA13 /* CGDAppDelegate.h */,
				89B9949D15E594600064FA13 /* CGDAppDelegate.m */,
				89B9949F15E594600064FA13 /* MainStoryboard.storyboard */,
				89B994A215E594600064FA13 /* CGDFirstViewController.h */,
				89B994A315E594600064FA13 /* CGDFirstViewController.m */,
				89B994A515E594600064FA13 /* first.png */,
				89B994A715E594600064FA13 /* first@2x.png */,
				89B994A915E594600064FA13 /* CGDSecondViewController.h */,
				89B994AA15E594600064FA13 /* CGDSecondViewController.m */,
				89B994AC15E594600064FA13 /* second.png */,
				89B994AE15E594600064FA13 /* second@2x.png */,
				89B9949415E594600064FA13 /* Supporting Files */,
			);
			path = "Vroom!v1.5";
			sourceTree = "<group>";
		};
		89B9949415E594600064FA13 /* Supporting Files */ = {
			isa = PBXGroup;
			children = (
				89B9949515E594600064FA13 /* Vroom!v1.5-Info.plist */,
				89B9949615E594600064FA13 /* InfoPlist.strings */,
				89B9949915E594600064FA13 /* main.m */,
				89B9949B15E594600064FA13 /* Vroom!v1.5-Prefix.pch */,
			);
			name = "Supporting Files";
			sourceTree = "<group>";
		};
/* End PBXGroup section */

/* Begin PBXNativeTarget section */
		89B9948815E594600064FA13 /* Vroom!v1.5 */ = {
			isa = PBXNativeTarget;
			buildConfigurationList = 89B994B215E594600064FA13 /* Build configuration list for PBXNativeTarget "Vroom!v1.5" */;
			buildPhases = (
				89B9948515E594600064FA13 /* Sources */,
				89B9948615E594600064FA13 /* Frameworks */,
				89B9948715E594600064FA13 /* Resources */,
			);
			buildRules = (
			);
			dependencies = (
			);
			name = "Vroom!v1.5";
			productName = "Vroom!v1.5";
			productReference = 89B9948915E594600064FA13 /* Vroom!v1.5.app */;
			productType = "com.apple.product-type.application";
		};
/* End PBXNativeTarget section */

/* Begin PBXProject section */
		89B9948015E594600064FA13 /* Project object */ = {
			isa = PBXProject;
			attributes = {
				CLASSPREFIX = CGD;
				LastUpgradeCheck = 0440;
				ORGANIZATIONNAME = "Coder Girl Design";
			};
			buildConfigurationList = 89B9948315E594600064FA13 /* Build configuration list for PBXProject "Vroom!v1.5" */;
			compatibilityVersion = "Xcode 3.2";
			developmentRegion = English;
			hasScannedForEncodings = 0;
			knownRegions = (
				en,
			);
			mainGroup = 89B9947E15E594600064FA13;
			productRefGroup = 89B9948A15E594600064FA13 /* Products */;
			projectDirPath = "";
			projectRoot = "";
			targets = (
				89B9948815E594600064FA13 /* Vroom!v1.5 */,
			);
		};
/* End PBXProject section */

/* Begin PBXResourcesBuildPhase section */
		89B9948715E594600064FA13 /* Resources */ = {
			isa = PBXResourcesBuildPhase;
			buildActionMask = 2147483647;
			files = (
				89B9949815E594600064FA13 /* InfoPlist.strings in Resources */,
				89B994A115E594600064FA13 /* MainStoryboard.storyboard in Resources */,
				89B994A615E594600064FA13 /* first.png in Resources */,
				89B994A815E594600064FA13 /* first@2x.png in Resources */,
				89B994AD15E594600064FA13 /* second.png in Resources */,
				89B994AF15E594600064FA13 /* second@2x.png in Resources */,
			);
			runOnlyForDeploymentPostprocessing = 0;
		};
/* End PBXResourcesBuildPhase section */

/* Begin PBXSourcesBuildPhase section */
		89B9948515E594600064FA13 /* Sources */ = {
			isa = PBXSourcesBuildPhase;
			buildActionMask = 2147483647;
			files = (
				89B9949A15E594600064FA13 /* main.m in Sources */,
				89B9949E15E594600064FA13 /* CGDAppDelegate.m in Sources */,
				89B994A415E594600064FA13 /* CGDFirstViewController.m in Sources */,
				89B994AB15E594600064FA13 /* CGDSecondViewController.m in Sources */,
			);
			runOnlyForDeploymentPostprocessing = 0;
		};
/* End PBXSourcesBuildPhase section */

/* Begin PBXVariantGroup section */
		89B9949615E594600064FA13 /* InfoPlist.strings */ = {
			isa = PBXVariantGroup;
			children = (
				89B9949715E594600064FA13 /* en */,
			);
			name = InfoPlist.strings;
			sourceTree = "<group>";
		};
		89B9949F15E594600064FA13 /* MainStoryboard.storyboard */ = {
			isa = PBXVariantGroup;
			children = (
				89B994A015E594600064FA13 /* en */,
			);
			name = MainStoryboard.storyboard;
			sourceTree = "<group>";
		};
/* End PBXVariantGroup section */

/* Begin XCBuildConfiguration section */
		89B994B015E594600064FA13 /* Debug */ = {
			isa = XCBuildConfiguration;
			buildSettings = {
				ALWAYS_SEARCH_USER_PATHS = NO;
				ARCHS = "$(ARCHS_STANDARD_32_BIT)";
				CLANG_CXX_LANGUAGE_STANDARD = "gnu++0x";
				CLANG_ENABLE_OBJC_ARC = YES;
				CLANG_WARN__DUPLICATE_METHOD_MATCH = YES;
				"CODE_SIGN_IDENTITY[sdk=iphoneos*]" = "iPhone Developer";
				COPY_PHASE_STRIP = NO;
				GCC_C_LANGUAGE_STANDARD = gnu99;
				GCC_DYNAMIC_NO_PIC = NO;
				GCC_OPTIMIZATION_LEVEL = 0;
				GCC_PREPROCESSOR_DEFINITIONS = (
					"DEBUG=1",
					"$(inherited)",
				);
				GCC_SYMBOLS_PRIVATE_EXTERN = NO;
				GCC_VERSION = com.apple.compilers.llvm.clang.1_0;
				GCC_WARN_ABOUT_RETURN_TYPE = YES;
				GCC_WARN_UNINITIALIZED_AUTOS = YES;
				GCC_WARN_UNUSED_VARIABLE = YES;
				IPHONEOS_DEPLOYMENT_TARGET = 5.1;
				SDKROOT = iphoneos;
			};
			name = Debug;
		};
		89B994B115E594600064FA13 /* Release */ = {
			isa = XCBuildConfiguration;
			buildSettings = {
				ALWAYS_SEARCH_USER_PATHS = NO;
				ARCHS = "$(ARCHS_STANDARD_32_BIT)";
				CLANG_CXX_LANGUAGE_STANDARD = "gnu++0x";
				CLANG_ENABLE_OBJC_ARC = YES;
				CLANG_WARN__DUPLICATE_METHOD_MATCH = YES;
				"CODE_SIGN_IDENTITY[sdk=iphoneos*]" = "iPhone Developer";
				COPY_PHASE_STRIP = YES;
				GCC_C_LANGUAGE_STANDARD = gnu99;
				GCC_VERSION = com.apple.compilers.llvm.clang.1_0;
				GCC_WARN_ABOUT_RETURN_TYPE = YES;
				GCC_WARN_UNINITIALIZED_AUTOS = YES;
				GCC_WARN_UNUSED_VARIABLE = YES;
				IPHONEOS_DEPLOYMENT_TARGET = 5.1;
				OTHER_CFLAGS = "-DNS_BLOCK_ASSERTIONS=1";
				SDKROOT = iphoneos;
				VALIDATE_PRODUCT = YES;
			};
			name = Release;
		};
		89B994B315E594600064FA13 /* Debug */ = {
			isa = XCBuildConfiguration;
			buildSettings = {
				GCC_PRECOMPILE_PREFIX_HEADER = YES;
				GCC_PREFIX_HEADER = "Vroom!v1.5/Vroom!v1.5-Prefix.pch";
				INFOPLIST_FILE = "Vroom!v1.5/Vroom!v1.5-Info.plist";
				PRODUCT_NAME = "$(TARGET_NAME)";
				WRAPPER_EXTENSION = app;
			};
			name = Debug;
		};
		89B994B415E594600064FA13 /* Release */ = {
			isa = XCBuildConfiguration;
			buildSettings = {
				GCC_PRECOMPILE_PREFIX_HEADER = YES;
				GCC_PREFIX_HEADER = "Vroom!v1.5/Vroom!v1.5-Prefix.pch";
				INFOPLIST_FILE = "Vroom!v1.5/Vroom!v1.5-Info.plist";
				PRODUCT_NAME = "$(TARGET_NAME)";
				WRAPPER_EXTENSION = app;
			};
			name = Release;
		};
/* End XCBuildConfiguration section */

/* Begin XCConfigurationList section */
		89B9948315E594600064FA13 /* Build configuration list for PBXProject "Vroom!v1.5" */ = {
			isa = XCConfigurationList;
			buildConfigurations = (
				89B994B015E594600064FA13 /* Debug */,
				89B994B115E594600064FA13 /* Release */,
			);
			defaultConfigurationIsVisible = 0;
			defaultConfigurationName = Release;
		};
		89B994B215E594600064FA13 /* Build configuration list for PBXNativeTarget "Vroom!v1.5" */ = {
			isa = XCConfigurationList;
			buildConfigurations = (
				89B994B315E594600064FA13 /* Debug */,
				89B994B415E594600064FA13 /* Release */,
			);
			defaultConfigurationIsVisible = 0;
		};
/* End XCConfigurationList section */
	};
	rootObject = 89B9948015E594600064FA13 /* Project object */;
}
