// !$*UTF8*$!
{
	archiveVersion = 1;
	classes = {
	};
	objectVersion = 46;
	objects = {

/* Begin PBXBuildFile section */
		89F8F1B61627312B00E91566 /* UIKit.framework in Frameworks */ = {isa = PBXBuildFile; fileRef = 89F8F1B51627312B00E91566 /* UIKit.framework */; };
		89F8F1B81627312B00E91566 /* Foundation.framework in Frameworks */ = {isa = PBXBuildFile; fileRef = 89F8F1B71627312B00E91566 /* Foundation.framework */; };
		89F8F1BA1627312B00E91566 /* CoreGraphics.framework in Frameworks */ = {isa = PBXBuildFile; fileRef = 89F8F1B91627312B00E91566 /* CoreGraphics.framework */; };
		89F8F1C01627312B00E91566 /* InfoPlist.strings in Resources */ = {isa = PBXBuildFile; fileRef = 89F8F1BE1627312B00E91566 /* InfoPlist.strings */; };
		89F8F1C21627312B00E91566 /* main.m in Sources */ = {isa = PBXBuildFile; fileRef = 89F8F1C11627312B00E91566 /* main.m */; };
		89F8F1C61627312B00E91566 /* MMAAppDelegate.m in Sources */ = {isa = PBXBuildFile; fileRef = 89F8F1C51627312B00E91566 /* MMAAppDelegate.m */; };
		89F8F1C81627312B00E91566 /* Default.png in Resources */ = {isa = PBXBuildFile; fileRef = 89F8F1C71627312B00E91566 /* Default.png */; };
		89F8F1CA1627312B00E91566 /* Default@2x.png in Resources */ = {isa = PBXBuildFile; fileRef = 89F8F1C91627312B00E91566 /* Default@2x.png */; };
		89F8F1CC1627312B00E91566 /* Default-568h@2x.png in Resources */ = {isa = PBXBuildFile; fileRef = 89F8F1CB1627312B00E91566 /* Default-568h@2x.png */; };
		89F8F1CF1627312B00E91566 /* MMAViewController.m in Sources */ = {isa = PBXBuildFile; fileRef = 89F8F1CE1627312B00E91566 /* MMAViewController.m */; };
		89F8F1D21627312B00E91566 /* MMAViewController.xib in Resources */ = {isa = PBXBuildFile; fileRef = 89F8F1D01627312B00E91566 /* MMAViewController.xib */; };
/* End PBXBuildFile section */

/* Begin PBXFileReference section */
		89F8F1B11627312B00E91566 /* TableHeader.app */ = {isa = PBXFileReference; explicitFileType = wrapper.application; includeInIndex = 0; path = TableHeader.app; sourceTree = BUILT_PRODUCTS_DIR; };
		89F8F1B51627312B00E91566 /* UIKit.framework */ = {isa = PBXFileReference; lastKnownFileType = wrapper.framework; name = UIKit.framework; path = System/Library/Frameworks/UIKit.framework; sourceTree = SDKROOT; };
		89F8F1B71627312B00E91566 /* Foundation.framework */ = {isa = PBXFileReference; lastKnownFileType = wrapper.framework; name = Foundation.framework; path = System/Library/Frameworks/Foundation.framework; sourceTree = SDKROOT; };
		89F8F1B91627312B00E91566 /* CoreGraphics.framework */ = {isa = PBXFileReference; lastKnownFileType = wrapper.framework; name = CoreGraphics.framework; path = System/Library/Frameworks/CoreGraphics.framework; sourceTree = SDKROOT; };
		89F8F1BD1627312B00E91566 /* TableHeader-Info.plist */ = {isa = PBXFileReference; lastKnownFileType = text.plist.xml; path = "TableHeader-Info.plist"; sourceTree = "<group>"; };
		89F8F1BF1627312B00E91566 /* en */ = {isa = PBXFileReference; lastKnownFileType = text.plist.strings; name = en; path = en.lproj/InfoPlist.strings; sourceTree = "<group>"; };
		89F8F1C11627312B00E91566 /* main.m */ = {isa = PBXFileReference; lastKnownFileType = sourcecode.c.objc; path = main.m; sourceTree = "<group>"; };
		89F8F1C31627312B00E91566 /* TableHeader-Prefix.pch */ = {isa = PBXFileReference; lastKnownFileType = sourcecode.c.h; path = "TableHeader-Prefix.pch"; sourceTree = "<group>"; };
		89F8F1C41627312B00E91566 /* MMAAppDelegate.h */ = {isa = PBXFileReference; lastKnownFileType = sourcecode.c.h; path = MMAAppDelegate.h; sourceTree = "<group>"; };
		89F8F1C51627312B00E91566 /* MMAAppDelegate.m */ = {isa = PBXFileReference; lastKnownFileType = sourcecode.c.objc; path = MMAAppDelegate.m; sourceTree = "<group>"; };
		89F8F1C71627312B00E91566 /* Default.png */ = {isa = PBXFileReference; lastKnownFileType = image.png; path = Default.png; sourceTree = "<group>"; };
		89F8F1C91627312B00E91566 /* Default@2x.png */ = {isa = PBXFileReference; lastKnownFileType = image.png; path = "Default@2x.png"; sourceTree = "<group>"; };
		89F8F1CB1627312B00E91566 /* Default-568h@2x.png */ = {isa = PBXFileReference; lastKnownFileType = image.png; path = "Default-568h@2x.png"; sourceTree = "<group>"; };
		89F8F1CD1627312B00E91566 /* MMAViewController.h */ = {isa = PBXFileReference; lastKnownFileType = sourcecode.c.h; path = MMAViewController.h; sourceTree = "<group>"; };
		89F8F1CE1627312B00E91566 /* MMAViewController.m */ = {isa = PBXFileReference; lastKnownFileType = sourcecode.c.objc; path = MMAViewController.m; sourceTree = "<group>"; };
		89F8F1D11627312B00E91566 /* en */ = {isa = PBXFileReference; lastKnownFileType = file.xib; name = en; path = en.lproj/MMAViewController.xib; sourceTree = "<group>"; };
/* End PBXFileReference section */

/* Begin PBXFrameworksBuildPhase section */
		89F8F1AE1627312B00E91566 /* Frameworks */ = {
			isa = PBXFrameworksBuildPhase;
			buildActionMask = 2147483647;
			files = (
				89F8F1B61627312B00E91566 /* UIKit.framework in Frameworks */,
				89F8F1B81627312B00E91566 /* Foundation.framework in Frameworks */,
				89F8F1BA1627312B00E91566 /* CoreGraphics.framework in Frameworks */,
			);
			runOnlyForDeploymentPostprocessing = 0;
		};
/* End PBXFrameworksBuildPhase section */

/* Begin PBXGroup section */
		89F8F1A61627312B00E91566 = {
			isa = PBXGroup;
			children = (
				89F8F1BB1627312B00E91566 /* TableHeader */,
				89F8F1B41627312B00E91566 /* Frameworks */,
				89F8F1B21627312B00E91566 /* Products */,
			);
			sourceTree = "<group>";
		};
		89F8F1B21627312B00E91566 /* Products */ = {
			isa = PBXGroup;
			children = (
				89F8F1B11627312B00E91566 /* TableHeader.app */,
			);
			name = Products;
			sourceTree = "<group>";
		};
		89F8F1B41627312B00E91566 /* Frameworks */ = {
			isa = PBXGroup;
			children = (
				89F8F1B51627312B00E91566 /* UIKit.framework */,
				89F8F1B71627312B00E91566 /* Foundation.framework */,
				89F8F1B91627312B00E91566 /* CoreGraphics.framework */,
			);
			name = Frameworks;
			sourceTree = "<group>";
		};
		89F8F1BB1627312B00E91566 /* TableHeader */ = {
			isa = PBXGroup;
			children = (
				89F8F1C41627312B00E91566 /* MMAAppDelegate.h */,
				89F8F1C51627312B00E91566 /* MMAAppDelegate.m */,
				89F8F1CD1627312B00E91566 /* MMAViewController.h */,
				89F8F1CE1627312B00E91566 /* MMAViewController.m */,
				89F8F1D01627312B00E91566 /* MMAViewController.xib */,
				89F8F1BC1627312B00E91566 /* Supporting Files */,
			);
			path = TableHeader;
			sourceTree = "<group>";
		};
		89F8F1BC1627312B00E91566 /* Supporting Files */ = {
			isa = PBXGroup;
			children = (
				89F8F1BD1627312B00E91566 /* TableHeader-Info.plist */,
				89F8F1BE1627312B00E91566 /* InfoPlist.strings */,
				89F8F1C11627312B00E91566 /* main.m */,
				89F8F1C31627312B00E91566 /* TableHeader-Prefix.pch */,
				89F8F1C71627312B00E91566 /* Default.png */,
				89F8F1C91627312B00E91566 /* Default@2x.png */,
				89F8F1CB1627312B00E91566 /* Default-568h@2x.png */,
			);
			name = "Supporting Files";
			sourceTree = "<group>";
		};
/* End PBXGroup section */

/* Begin PBXNativeTarget section */
		89F8F1B01627312B00E91566 /* TableHeader */ = {
			isa = PBXNativeTarget;
			buildConfigurationList = 89F8F1D51627312B00E91566 /* Build configuration list for PBXNativeTarget "TableHeader" */;
			buildPhases = (
				89F8F1AD1627312B00E91566 /* Sources */,
				89F8F1AE1627312B00E91566 /* Frameworks */,
				89F8F1AF1627312B00E91566 /* Resources */,
			);
			buildRules = (
			);
			dependencies = (
			);
			name = TableHeader;
			productName = TableHeader;
			productReference = 89F8F1B11627312B00E91566 /* TableHeader.app */;
			productType = "com.apple.product-type.application";
		};
/* End PBXNativeTarget section */

/* Begin PBXProject section */
		89F8F1A81627312B00E91566 /* Project object */ = {
			isa = PBXProject;
			attributes = {
				CLASSPREFIX = MMA;
				LastUpgradeCheck = 0450;
				ORGANIZATIONNAME = "Mad Monkey Applications";
			};
			buildConfigurationList = 89F8F1AB1627312B00E91566 /* Build configuration list for PBXProject "TableHeader" */;
			compatibilityVersion = "Xcode 3.2";
			developmentRegion = English;
			hasScannedForEncodings = 0;
			knownRegions = (
				en,
			);
			mainGroup = 89F8F1A61627312B00E91566;
			productRefGroup = 89F8F1B21627312B00E91566 /* Products */;
			projectDirPath = "";
			projectRoot = "";
			targets = (
				89F8F1B01627312B00E91566 /* TableHeader */,
			);
		};
/* End PBXProject section */

/* Begin PBXResourcesBuildPhase section */
		89F8F1AF1627312B00E91566 /* Resources */ = {
			isa = PBXResourcesBuildPhase;
			buildActionMask = 2147483647;
			files = (
				89F8F1C01627312B00E91566 /* InfoPlist.strings in Resources */,
				89F8F1C81627312B00E91566 /* Default.png in Resources */,
				89F8F1CA1627312B00E91566 /* Default@2x.png in Resources */,
				89F8F1CC1627312B00E91566 /* Default-568h@2x.png in Resources */,
				89F8F1D21627312B00E91566 /* MMAViewController.xib in Resources */,
			);
			runOnlyForDeploymentPostprocessing = 0;
		};
/* End PBXResourcesBuildPhase section */

/* Begin PBXSourcesBuildPhase section */
		89F8F1AD1627312B00E91566 /* Sources */ = {
			isa = PBXSourcesBuildPhase;
			buildActionMask = 2147483647;
			files = (
				89F8F1C21627312B00E91566 /* main.m in Sources */,
				89F8F1C61627312B00E91566 /* MMAAppDelegate.m in Sources */,
				89F8F1CF1627312B00E91566 /* MMAViewController.m in Sources */,
			);
			runOnlyForDeploymentPostprocessing = 0;
		};
/* End PBXSourcesBuildPhase section */

/* Begin PBXVariantGroup section */
		89F8F1BE1627312B00E91566 /* InfoPlist.strings */ = {
			isa = PBXVariantGroup;
			children = (
				89F8F1BF1627312B00E91566 /* en */,
			);
			name = InfoPlist.strings;
			sourceTree = "<group>";
		};
		89F8F1D01627312B00E91566 /* MMAViewController.xib */ = {
			isa = PBXVariantGroup;
			children = (
				89F8F1D11627312B00E91566 /* en */,
			);
			name = MMAViewController.xib;
			sourceTree = "<group>";
		};
/* End PBXVariantGroup section */

/* Begin XCBuildConfiguration section */
		89F8F1D31627312B00E91566 /* Debug */ = {
			isa = XCBuildConfiguration;
			buildSettings = {
				ALWAYS_SEARCH_USER_PATHS = NO;
				CLANG_CXX_LANGUAGE_STANDARD = "gnu++0x";
				CLANG_CXX_LIBRARY = "libc++";
				CLANG_ENABLE_OBJC_ARC = YES;
				CLANG_WARN_EMPTY_BODY = YES;
				CLANG_WARN__DUPLICATE_METHOD_MATCH = YES;
				"CODE_SIGN_IDENTITY[sdk=iphoneos*]" = "iPhone Developer";
				COPY_PHASE_STRIP = NO;
				GCC_C_LANGUAGE_STANDARD = gnu99;
				GCC_DYNAMIC_NO_PIC = NO;
				GCC_OPTIMIZATION_LEVEL = 0;
				GCC_PREPROCESSOR_DEFINITIONS = (
					"DEBUG=1",
					"$(inherited)",
				);
				GCC_SYMBOLS_PRIVATE_EXTERN = NO;
				GCC_WARN_ABOUT_RETURN_TYPE = YES;
				GCC_WARN_UNINITIALIZED_AUTOS = YES;
				GCC_WARN_UNUSED_VARIABLE = YES;
				IPHONEOS_DEPLOYMENT_TARGET = 6.0;
				ONLY_ACTIVE_ARCH = YES;
				SDKROOT = iphoneos;
			};
			name = Debug;
		};
		89F8F1D41627312B00E91566 /* Release */ = {
			isa = XCBuildConfiguration;
			buildSettings = {
				ALWAYS_SEARCH_USER_PATHS = NO;
				CLANG_CXX_LANGUAGE_STANDARD = "gnu++0x";
				CLANG_CXX_LIBRARY = "libc++";
				CLANG_ENABLE_OBJC_ARC = YES;
				CLANG_WARN_EMPTY_BODY = YES;
				CLANG_WARN__DUPLICATE_METHOD_MATCH = YES;
				"CODE_SIGN_IDENTITY[sdk=iphoneos*]" = "iPhone Developer";
				COPY_PHASE_STRIP = YES;
				GCC_C_LANGUAGE_STANDARD = gnu99;
				GCC_WARN_ABOUT_RETURN_TYPE = YES;
				GCC_WARN_UNINITIALIZED_AUTOS = YES;
				GCC_WARN_UNUSED_VARIABLE = YES;
				IPHONEOS_DEPLOYMENT_TARGET = 6.0;
				OTHER_CFLAGS = "-DNS_BLOCK_ASSERTIONS=1";
				SDKROOT = iphoneos;
				VALIDATE_PRODUCT = YES;
			};
			name = Release;
		};
		89F8F1D61627312B00E91566 /* Debug */ = {
			isa = XCBuildConfiguration;
			buildSettings = {
				GCC_PRECOMPILE_PREFIX_HEADER = YES;
				GCC_PREFIX_HEADER = "TableHeader/TableHeader-Prefix.pch";
				INFOPLIST_FILE = "TableHeader/TableHeader-Info.plist";
				IPHONEOS_DEPLOYMENT_TARGET = 5.1;
				PRODUCT_NAME = "$(TARGET_NAME)";
				WRAPPER_EXTENSION = app;
			};
			name = Debug;
		};
		89F8F1D71627312B00E91566 /* Release */ = {
			isa = XCBuildConfiguration;
			buildSettings = {
				GCC_PRECOMPILE_PREFIX_HEADER = YES;
				GCC_PREFIX_HEADER = "TableHeader/TableHeader-Prefix.pch";
				INFOPLIST_FILE = "TableHeader/TableHeader-Info.plist";
				IPHONEOS_DEPLOYMENT_TARGET = 5.1;
				PRODUCT_NAME = "$(TARGET_NAME)";
				WRAPPER_EXTENSION = app;
			};
			name = Release;
		};
/* End XCBuildConfiguration section */

/* Begin XCConfigurationList section */
		89F8F1AB1627312B00E91566 /* Build configuration list for PBXProject "TableHeader" */ = {
			isa = XCConfigurationList;
			buildConfigurations = (
				89F8F1D31627312B00E91566 /* Debug */,
				89F8F1D41627312B00E91566 /* Release */,
			);
			defaultConfigurationIsVisible = 0;
			defaultConfigurationName = Release;
		};
		89F8F1D51627312B00E91566 /* Build configuration list for PBXNativeTarget "TableHeader" */ = {
			isa = XCConfigurationList;
			buildConfigurations = (
				89F8F1D61627312B00E91566 /* Debug */,
				89F8F1D71627312B00E91566 /* Release */,
			);
			defaultConfigurationIsVisible = 0;
		};
/* End XCConfigurationList section */
	};
	rootObject = 89F8F1A81627312B00E91566 /* Project object */;
}
