// !$*UTF8*$!
{
	archiveVersion = 1;
	classes = {
	};
	objectVersion = 46;
	objects = {

/* Begin PBXBuildFile section */
		89365E2E1630452500654819 /* UIKit.framework in Frameworks */ = {isa = PBXBuildFile; fileRef = 89365E2D1630452500654819 /* UIKit.framework */; };
		89365E301630452500654819 /* Foundation.framework in Frameworks */ = {isa = PBXBuildFile; fileRef = 89365E2F1630452500654819 /* Foundation.framework */; };
		89365E321630452500654819 /* CoreGraphics.framework in Frameworks */ = {isa = PBXBuildFile; fileRef = 89365E311630452500654819 /* CoreGraphics.framework */; };
		89365E381630452500654819 /* InfoPlist.strings in Resources */ = {isa = PBXBuildFile; fileRef = 89365E361630452500654819 /* InfoPlist.strings */; };
		89365E3A1630452500654819 /* main.m in Sources */ = {isa = PBXBuildFile; fileRef = 89365E391630452500654819 /* main.m */; };
		89365E3E1630452500654819 /* MMAAppDelegate.m in Sources */ = {isa = PBXBuildFile; fileRef = 89365E3D1630452500654819 /* MMAAppDelegate.m */; };
		89365E401630452500654819 /* Default.png in Resources */ = {isa = PBXBuildFile; fileRef = 89365E3F1630452500654819 /* Default.png */; };
		89365E421630452500654819 /* Default@2x.png in Resources */ = {isa = PBXBuildFile; fileRef = 89365E411630452500654819 /* Default@2x.png */; };
		89365E441630452500654819 /* Default-568h@2x.png in Resources */ = {isa = PBXBuildFile; fileRef = 89365E431630452500654819 /* Default-568h@2x.png */; };
		89365E471630452500654819 /* MainStoryboard.storyboard in Resources */ = {isa = PBXBuildFile; fileRef = 89365E451630452500654819 /* MainStoryboard.storyboard */; };
		89365E4A1630452500654819 /* MMAMasterViewController.m in Sources */ = {isa = PBXBuildFile; fileRef = 89365E491630452500654819 /* MMAMasterViewController.m */; };
		89365E4D1630452500654819 /* MMADetailViewController.m in Sources */ = {isa = PBXBuildFile; fileRef = 89365E4C1630452500654819 /* MMADetailViewController.m */; };
/* End PBXBuildFile section */

/* Begin PBXFileReference section */
		89365E291630452500654819 /* MovieAppP4.app */ = {isa = PBXFileReference; explicitFileType = wrapper.application; includeInIndex = 0; path = MovieAppP4.app; sourceTree = BUILT_PRODUCTS_DIR; };
		89365E2D1630452500654819 /* UIKit.framework */ = {isa = PBXFileReference; lastKnownFileType = wrapper.framework; name = UIKit.framework; path = System/Library/Frameworks/UIKit.framework; sourceTree = SDKROOT; };
		89365E2F1630452500654819 /* Foundation.framework */ = {isa = PBXFileReference; lastKnownFileType = wrapper.framework; name = Foundation.framework; path = System/Library/Frameworks/Foundation.framework; sourceTree = SDKROOT; };
		89365E311630452500654819 /* CoreGraphics.framework */ = {isa = PBXFileReference; lastKnownFileType = wrapper.framework; name = CoreGraphics.framework; path = System/Library/Frameworks/CoreGraphics.framework; sourceTree = SDKROOT; };
		89365E351630452500654819 /* MovieAppP4-Info.plist */ = {isa = PBXFileReference; lastKnownFileType = text.plist.xml; path = "MovieAppP4-Info.plist"; sourceTree = "<group>"; };
		89365E371630452500654819 /* en */ = {isa = PBXFileReference; lastKnownFileType = text.plist.strings; name = en; path = en.lproj/InfoPlist.strings; sourceTree = "<group>"; };
		89365E391630452500654819 /* main.m */ = {isa = PBXFileReference; lastKnownFileType = sourcecode.c.objc; path = main.m; sourceTree = "<group>"; };
		89365E3B1630452500654819 /* MovieAppP4-Prefix.pch */ = {isa = PBXFileReference; lastKnownFileType = sourcecode.c.h; path = "MovieAppP4-Prefix.pch"; sourceTree = "<group>"; };
		89365E3C1630452500654819 /* MMAAppDelegate.h */ = {isa = PBXFileReference; lastKnownFileType = sourcecode.c.h; path = MMAAppDelegate.h; sourceTree = "<group>"; };
		89365E3D1630452500654819 /* MMAAppDelegate.m */ = {isa = PBXFileReference; lastKnownFileType = sourcecode.c.objc; path = MMAAppDelegate.m; sourceTree = "<group>"; };
		89365E3F1630452500654819 /* Default.png */ = {isa = PBXFileReference; lastKnownFileType = image.png; path = Default.png; sourceTree = "<group>"; };
		89365E411630452500654819 /* Default@2x.png */ = {isa = PBXFileReference; lastKnownFileType = image.png; path = "Default@2x.png"; sourceTree = "<group>"; };
		89365E431630452500654819 /* Default-568h@2x.png */ = {isa = PBXFileReference; lastKnownFileType = image.png; path = "Default-568h@2x.png"; sourceTree = "<group>"; };
		89365E461630452500654819 /* en */ = {isa = PBXFileReference; lastKnownFileType = file.storyboard; name = en; path = en.lproj/MainStoryboard.storyboard; sourceTree = "<group>"; };
		89365E481630452500654819 /* MMAMasterViewController.h */ = {isa = PBXFileReference; lastKnownFileType = sourcecode.c.h; path = MMAMasterViewController.h; sourceTree = "<group>"; };
		89365E491630452500654819 /* MMAMasterViewController.m */ = {isa = PBXFileReference; lastKnownFileType = sourcecode.c.objc; path = MMAMasterViewController.m; sourceTree = "<group>"; };
		89365E4B1630452500654819 /* MMADetailViewController.h */ = {isa = PBXFileReference; lastKnownFileType = sourcecode.c.h; path = MMADetailViewController.h; sourceTree = "<group>"; };
		89365E4C1630452500654819 /* MMADetailViewController.m */ = {isa = PBXFileReference; lastKnownFileType = sourcecode.c.objc; path = MMADetailViewController.m; sourceTree = "<group>"; };
/* End PBXFileReference section */

/* Begin PBXFrameworksBuildPhase section */
		89365E261630452500654819 /* Frameworks */ = {
			isa = PBXFrameworksBuildPhase;
			buildActionMask = 2147483647;
			files = (
				89365E2E1630452500654819 /* UIKit.framework in Frameworks */,
				89365E301630452500654819 /* Foundation.framework in Frameworks */,
				89365E321630452500654819 /* CoreGraphics.framework in Frameworks */,
			);
			runOnlyForDeploymentPostprocessing = 0;
		};
/* End PBXFrameworksBuildPhase section */

/* Begin PBXGroup section */
		89365E1E1630452400654819 = {
			isa = PBXGroup;
			children = (
				89365E331630452500654819 /* MovieAppP4 */,
				89365E2C1630452500654819 /* Frameworks */,
				89365E2A1630452500654819 /* Products */,
			);
			sourceTree = "<group>";
		};
		89365E2A1630452500654819 /* Products */ = {
			isa = PBXGroup;
			children = (
				89365E291630452500654819 /* MovieAppP4.app */,
			);
			name = Products;
			sourceTree = "<group>";
		};
		89365E2C1630452500654819 /* Frameworks */ = {
			isa = PBXGroup;
			children = (
				89365E2D1630452500654819 /* UIKit.framework */,
				89365E2F1630452500654819 /* Foundation.framework */,
				89365E311630452500654819 /* CoreGraphics.framework */,
			);
			name = Frameworks;
			sourceTree = "<group>";
		};
		89365E331630452500654819 /* MovieAppP4 */ = {
			isa = PBXGroup;
			children = (
				89365E3C1630452500654819 /* MMAAppDelegate.h */,
				89365E3D1630452500654819 /* MMAAppDelegate.m */,
				89365E451630452500654819 /* MainStoryboard.storyboard */,
				89365E481630452500654819 /* MMAMasterViewController.h */,
				89365E491630452500654819 /* MMAMasterViewController.m */,
				89365E4B1630452500654819 /* MMADetailViewController.h */,
				89365E4C1630452500654819 /* MMADetailViewController.m */,
				89365E341630452500654819 /* Supporting Files */,
			);
			path = MovieAppP4;
			sourceTree = "<group>";
		};
		89365E341630452500654819 /* Supporting Files */ = {
			isa = PBXGroup;
			children = (
				89365E351630452500654819 /* MovieAppP4-Info.plist */,
				89365E361630452500654819 /* InfoPlist.strings */,
				89365E391630452500654819 /* main.m */,
				89365E3B1630452500654819 /* MovieAppP4-Prefix.pch */,
				89365E3F1630452500654819 /* Default.png */,
				89365E411630452500654819 /* Default@2x.png */,
				89365E431630452500654819 /* Default-568h@2x.png */,
			);
			name = "Supporting Files";
			sourceTree = "<group>";
		};
/* End PBXGroup section */

/* Begin PBXNativeTarget section */
		89365E281630452500654819 /* MovieAppP4 */ = {
			isa = PBXNativeTarget;
			buildConfigurationList = 89365E501630452500654819 /* Build configuration list for PBXNativeTarget "MovieAppP4" */;
			buildPhases = (
				89365E251630452500654819 /* Sources */,
				89365E261630452500654819 /* Frameworks */,
				89365E271630452500654819 /* Resources */,
			);
			buildRules = (
			);
			dependencies = (
			);
			name = MovieAppP4;
			productName = MovieAppP4;
			productReference = 89365E291630452500654819 /* MovieAppP4.app */;
			productType = "com.apple.product-type.application";
		};
/* End PBXNativeTarget section */

/* Begin PBXProject section */
		89365E201630452400654819 /* Project object */ = {
			isa = PBXProject;
			attributes = {
				CLASSPREFIX = MMA;
				LastUpgradeCheck = 0450;
				ORGANIZATIONNAME = "Mad Monkey Applications";
			};
			buildConfigurationList = 89365E231630452400654819 /* Build configuration list for PBXProject "MovieAppP4" */;
			compatibilityVersion = "Xcode 3.2";
			developmentRegion = English;
			hasScannedForEncodings = 0;
			knownRegions = (
				en,
			);
			mainGroup = 89365E1E1630452400654819;
			productRefGroup = 89365E2A1630452500654819 /* Products */;
			projectDirPath = "";
			projectRoot = "";
			targets = (
				89365E281630452500654819 /* MovieAppP4 */,
			);
		};
/* End PBXProject section */

/* Begin PBXResourcesBuildPhase section */
		89365E271630452500654819 /* Resources */ = {
			isa = PBXResourcesBuildPhase;
			buildActionMask = 2147483647;
			files = (
				89365E381630452500654819 /* InfoPlist.strings in Resources */,
				89365E401630452500654819 /* Default.png in Resources */,
				89365E421630452500654819 /* Default@2x.png in Resources */,
				89365E441630452500654819 /* Default-568h@2x.png in Resources */,
				89365E471630452500654819 /* MainStoryboard.storyboard in Resources */,
			);
			runOnlyForDeploymentPostprocessing = 0;
		};
/* End PBXResourcesBuildPhase section */

/* Begin PBXSourcesBuildPhase section */
		89365E251630452500654819 /* Sources */ = {
			isa = PBXSourcesBuildPhase;
			buildActionMask = 2147483647;
			files = (
				89365E3A1630452500654819 /* main.m in Sources */,
				89365E3E1630452500654819 /* MMAAppDelegate.m in Sources */,
				89365E4A1630452500654819 /* MMAMasterViewController.m in Sources */,
				89365E4D1630452500654819 /* MMADetailViewController.m in Sources */,
			);
			runOnlyForDeploymentPostprocessing = 0;
		};
/* End PBXSourcesBuildPhase section */

/* Begin PBXVariantGroup section */
		89365E361630452500654819 /* InfoPlist.strings */ = {
			isa = PBXVariantGroup;
			children = (
				89365E371630452500654819 /* en */,
			);
			name = InfoPlist.strings;
			sourceTree = "<group>";
		};
		89365E451630452500654819 /* MainStoryboard.storyboard */ = {
			isa = PBXVariantGroup;
			children = (
				89365E461630452500654819 /* en */,
			);
			name = MainStoryboard.storyboard;
			sourceTree = "<group>";
		};
/* End PBXVariantGroup section */

/* Begin XCBuildConfiguration section */
		89365E4E1630452500654819 /* Debug */ = {
			isa = XCBuildConfiguration;
			buildSettings = {
				ALWAYS_SEARCH_USER_PATHS = NO;
				CLANG_CXX_LANGUAGE_STANDARD = "gnu++0x";
				CLANG_CXX_LIBRARY = "libc++";
				CLANG_ENABLE_OBJC_ARC = YES;
				CLANG_WARN_EMPTY_BODY = YES;
				CLANG_WARN__DUPLICATE_METHOD_MATCH = YES;
				"CODE_SIGN_IDENTITY[sdk=iphoneos*]" = "iPhone Developer";
				COPY_PHASE_STRIP = NO;
				GCC_C_LANGUAGE_STANDARD = gnu99;
				GCC_DYNAMIC_NO_PIC = NO;
				GCC_OPTIMIZATION_LEVEL = 0;
				GCC_PREPROCESSOR_DEFINITIONS = (
					"DEBUG=1",
					"$(inherited)",
				);
				GCC_SYMBOLS_PRIVATE_EXTERN = NO;
				GCC_WARN_ABOUT_RETURN_TYPE = YES;
				GCC_WARN_UNINITIALIZED_AUTOS = YES;
				GCC_WARN_UNUSED_VARIABLE = YES;
				IPHONEOS_DEPLOYMENT_TARGET = 6.0;
				ONLY_ACTIVE_ARCH = YES;
				SDKROOT = iphoneos;
			};
			name = Debug;
		};
		89365E4F1630452500654819 /* Release */ = {
			isa = XCBuildConfiguration;
			buildSettings = {
				ALWAYS_SEARCH_USER_PATHS = NO;
				CLANG_CXX_LANGUAGE_STANDARD = "gnu++0x";
				CLANG_CXX_LIBRARY = "libc++";
				CLANG_ENABLE_OBJC_ARC = YES;
				CLANG_WARN_EMPTY_BODY = YES;
				CLANG_WARN__DUPLICATE_METHOD_MATCH = YES;
				"CODE_SIGN_IDENTITY[sdk=iphoneos*]" = "iPhone Developer";
				COPY_PHASE_STRIP = YES;
				GCC_C_LANGUAGE_STANDARD = gnu99;
				GCC_WARN_ABOUT_RETURN_TYPE = YES;
				GCC_WARN_UNINITIALIZED_AUTOS = YES;
				GCC_WARN_UNUSED_VARIABLE = YES;
				IPHONEOS_DEPLOYMENT_TARGET = 6.0;
				OTHER_CFLAGS = "-DNS_BLOCK_ASSERTIONS=1";
				SDKROOT = iphoneos;
				VALIDATE_PRODUCT = YES;
			};
			name = Release;
		};
		89365E511630452500654819 /* Debug */ = {
			isa = XCBuildConfiguration;
			buildSettings = {
				GCC_PRECOMPILE_PREFIX_HEADER = YES;
				GCC_PREFIX_HEADER = "MovieAppP4/MovieAppP4-Prefix.pch";
				INFOPLIST_FILE = "MovieAppP4/MovieAppP4-Info.plist";
				PRODUCT_NAME = "$(TARGET_NAME)";
				WRAPPER_EXTENSION = app;
			};
			name = Debug;
		};
		89365E521630452500654819 /* Release */ = {
			isa = XCBuildConfiguration;
			buildSettings = {
				GCC_PRECOMPILE_PREFIX_HEADER = YES;
				GCC_PREFIX_HEADER = "MovieAppP4/MovieAppP4-Prefix.pch";
				INFOPLIST_FILE = "MovieAppP4/MovieAppP4-Info.plist";
				PRODUCT_NAME = "$(TARGET_NAME)";
				WRAPPER_EXTENSION = app;
			};
			name = Release;
		};
/* End XCBuildConfiguration section */

/* Begin XCConfigurationList section */
		89365E231630452400654819 /* Build configuration list for PBXProject "MovieAppP4" */ = {
			isa = XCConfigurationList;
			buildConfigurations = (
				89365E4E1630452500654819 /* Debug */,
				89365E4F1630452500654819 /* Release */,
			);
			defaultConfigurationIsVisible = 0;
			defaultConfigurationName = Release;
		};
		89365E501630452500654819 /* Build configuration list for PBXNativeTarget "MovieAppP4" */ = {
			isa = XCConfigurationList;
			buildConfigurations = (
				89365E511630452500654819 /* Debug */,
				89365E521630452500654819 /* Release */,
			);
			defaultConfigurationIsVisible = 0;
		};
/* End XCConfigurationList section */
	};
	rootObject = 89365E201630452400654819 /* Project object */;
}
