// !$*UTF8*$!
{
	archiveVersion = 1;
	classes = {
	};
	objectVersion = 46;
	objects = {

/* Begin PBXBuildFile section */
		890641C91578033F0050B4B6 /* main.c in Sources */ = {isa = PBXBuildFile; fileRef = 890641C81578033F0050B4B6 /* main.c */; };
		890641CB1578033F0050B4B6 /* TwoFloats_chapter3Challenge.1 in CopyFiles */ = {isa = PBXBuildFile; fileRef = 890641CA1578033F0050B4B6 /* TwoFloats_chapter3Challenge.1 */; };
/* End PBXBuildFile section */

/* Begin PBXCopyFilesBuildPhase section */
		890641C21578033F0050B4B6 /* CopyFiles */ = {
			isa = PBXCopyFilesBuildPhase;
			buildActionMask = 2147483647;
			dstPath = /usr/share/man/man1/;
			dstSubfolderSpec = 0;
			files = (
				890641CB1578033F0050B4B6 /* TwoFloats_chapter3Challenge.1 in CopyFiles */,
			);
			runOnlyForDeploymentPostprocessing = 1;
		};
/* End PBXCopyFilesBuildPhase section */

/* Begin PBXFileReference section */
		890641C41578033F0050B4B6 /* TwoFloats-chapter3Challenge */ = {isa = PBXFileReference; explicitFileType = "compiled.mach-o.executable"; includeInIndex = 0; path = "TwoFloats-chapter3Challenge"; sourceTree = BUILT_PRODUCTS_DIR; };
		890641C81578033F0050B4B6 /* main.c */ = {isa = PBXFileReference; lastKnownFileType = sourcecode.c.c; path = main.c; sourceTree = "<group>"; };
		890641CA1578033F0050B4B6 /* TwoFloats_chapter3Challenge.1 */ = {isa = PBXFileReference; lastKnownFileType = text.man; path = TwoFloats_chapter3Challenge.1; sourceTree = "<group>"; };
/* End PBXFileReference section */

/* Begin PBXFrameworksBuildPhase section */
		890641C11578033F0050B4B6 /* Frameworks */ = {
			isa = PBXFrameworksBuildPhase;
			buildActionMask = 2147483647;
			files = (
			);
			runOnlyForDeploymentPostprocessing = 0;
		};
/* End PBXFrameworksBuildPhase section */

/* Begin PBXGroup section */
		890641B91578033F0050B4B6 = {
			isa = PBXGroup;
			children = (
				890641C71578033F0050B4B6 /* TwoFloats-chapter3Challenge */,
				890641C51578033F0050B4B6 /* Products */,
			);
			sourceTree = "<group>";
		};
		890641C51578033F0050B4B6 /* Products */ = {
			isa = PBXGroup;
			children = (
				890641C41578033F0050B4B6 /* TwoFloats-chapter3Challenge */,
			);
			name = Products;
			sourceTree = "<group>";
		};
		890641C71578033F0050B4B6 /* TwoFloats-chapter3Challenge */ = {
			isa = PBXGroup;
			children = (
				890641C81578033F0050B4B6 /* main.c */,
				890641CA1578033F0050B4B6 /* TwoFloats_chapter3Challenge.1 */,
			);
			path = "TwoFloats-chapter3Challenge";
			sourceTree = "<group>";
		};
/* End PBXGroup section */

/* Begin PBXNativeTarget section */
		890641C31578033F0050B4B6 /* TwoFloats-chapter3Challenge */ = {
			isa = PBXNativeTarget;
			buildConfigurationList = 890641CE1578033F0050B4B6 /* Build configuration list for PBXNativeTarget "TwoFloats-chapter3Challenge" */;
			buildPhases = (
				890641C01578033F0050B4B6 /* Sources */,
				890641C11578033F0050B4B6 /* Frameworks */,
				890641C21578033F0050B4B6 /* CopyFiles */,
			);
			buildRules = (
			);
			dependencies = (
			);
			name = "TwoFloats-chapter3Challenge";
			productName = "TwoFloats-chapter3Challenge";
			productReference = 890641C41578033F0050B4B6 /* TwoFloats-chapter3Challenge */;
			productType = "com.apple.product-type.tool";
		};
/* End PBXNativeTarget section */

/* Begin PBXProject section */
		890641BB1578033F0050B4B6 /* Project object */ = {
			isa = PBXProject;
			attributes = {
				LastUpgradeCheck = 0430;
				ORGANIZATIONNAME = "Blue Jar Studios";
			};
			buildConfigurationList = 890641BE1578033F0050B4B6 /* Build configuration list for PBXProject "TwoFloats-chapter3Challenge" */;
			compatibilityVersion = "Xcode 3.2";
			developmentRegion = English;
			hasScannedForEncodings = 0;
			knownRegions = (
				en,
			);
			mainGroup = 890641B91578033F0050B4B6;
			productRefGroup = 890641C51578033F0050B4B6 /* Products */;
			projectDirPath = "";
			projectRoot = "";
			targets = (
				890641C31578033F0050B4B6 /* TwoFloats-chapter3Challenge */,
			);
		};
/* End PBXProject section */

/* Begin PBXSourcesBuildPhase section */
		890641C01578033F0050B4B6 /* Sources */ = {
			isa = PBXSourcesBuildPhase;
			buildActionMask = 2147483647;
			files = (
				890641C91578033F0050B4B6 /* main.c in Sources */,
			);
			runOnlyForDeploymentPostprocessing = 0;
		};
/* End PBXSourcesBuildPhase section */

/* Begin XCBuildConfiguration section */
		890641CC1578033F0050B4B6 /* Debug */ = {
			isa = XCBuildConfiguration;
			buildSettings = {
				ALWAYS_SEARCH_USER_PATHS = NO;
				ARCHS = "$(ARCHS_STANDARD_64_BIT)";
				CLANG_ENABLE_OBJC_ARC = YES;
				COPY_PHASE_STRIP = NO;
				GCC_C_LANGUAGE_STANDARD = gnu99;
				GCC_DYNAMIC_NO_PIC = NO;
				GCC_ENABLE_OBJC_EXCEPTIONS = YES;
				GCC_OPTIMIZATION_LEVEL = 0;
				GCC_PREPROCESSOR_DEFINITIONS = (
					"DEBUG=1",
					"$(inherited)",
				);
				GCC_SYMBOLS_PRIVATE_EXTERN = NO;
				GCC_VERSION = com.apple.compilers.llvm.clang.1_0;
				GCC_WARN_64_TO_32_BIT_CONVERSION = YES;
				GCC_WARN_ABOUT_RETURN_TYPE = YES;
				GCC_WARN_UNINITIALIZED_AUTOS = YES;
				GCC_WARN_UNUSED_VARIABLE = YES;
				MACOSX_DEPLOYMENT_TARGET = 10.7;
				ONLY_ACTIVE_ARCH = YES;
				SDKROOT = macosx;
			};
			name = Debug;
		};
		890641CD1578033F0050B4B6 /* Release */ = {
			isa = XCBuildConfiguration;
			buildSettings = {
				ALWAYS_SEARCH_USER_PATHS = NO;
				ARCHS = "$(ARCHS_STANDARD_64_BIT)";
				CLANG_ENABLE_OBJC_ARC = YES;
				COPY_PHASE_STRIP = YES;
				DEBUG_INFORMATION_FORMAT = "dwarf-with-dsym";
				GCC_C_LANGUAGE_STANDARD = gnu99;
				GCC_ENABLE_OBJC_EXCEPTIONS = YES;
				GCC_VERSION = com.apple.compilers.llvm.clang.1_0;
				GCC_WARN_64_TO_32_BIT_CONVERSION = YES;
				GCC_WARN_ABOUT_RETURN_TYPE = YES;
				GCC_WARN_UNINITIALIZED_AUTOS = YES;
				GCC_WARN_UNUSED_VARIABLE = YES;
				MACOSX_DEPLOYMENT_TARGET = 10.7;
				SDKROOT = macosx;
			};
			name = Release;
		};
		890641CF1578033F0050B4B6 /* Debug */ = {
			isa = XCBuildConfiguration;
			buildSettings = {
				PRODUCT_NAME = "$(TARGET_NAME)";
			};
			name = Debug;
		};
		890641D01578033F0050B4B6 /* Release */ = {
			isa = XCBuildConfiguration;
			buildSettings = {
				PRODUCT_NAME = "$(TARGET_NAME)";
			};
			name = Release;
		};
/* End XCBuildConfiguration section */

/* Begin XCConfigurationList section */
		890641BE1578033F0050B4B6 /* Build configuration list for PBXProject "TwoFloats-chapter3Challenge" */ = {
			isa = XCConfigurationList;
			buildConfigurations = (
				890641CC1578033F0050B4B6 /* Debug */,
				890641CD1578033F0050B4B6 /* Release */,
			);
			defaultConfigurationIsVisible = 0;
			defaultConfigurationName = Release;
		};
		890641CE1578033F0050B4B6 /* Build configuration list for PBXNativeTarget "TwoFloats-chapter3Challenge" */ = {
			isa = XCConfigurationList;
			buildConfigurations = (
				890641CF1578033F0050B4B6 /* Debug */,
				890641D01578033F0050B4B6 /* Release */,
			);
			defaultConfigurationIsVisible = 0;
		};
/* End XCConfigurationList section */
	};
	rootObject = 890641BB1578033F0050B4B6 /* Project object */;
}
